
Microsoft Visual Studio Solution File, Format Version 12.00
# Visual Studio Version 16
VisualStudioVersion = 16.0.30517.126
MinimumVisualStudioVersion = 10.0.40219.1
Project("{FAE04EC0-301F-11D3-BF4B-00C04F79EFBC}") = "Encapsulation_Demo", "Encapsulation_Demo\Encapsulation_Demo.csproj", "{37E5CD9A-BC0E-489B-AAF1-23C665C79B39}"
EndProject
Global
	GlobalSection(SolutionConfigurationPlatforms) = preSolution
		Debug|Any CPU = Debug|Any CPU
		Release|Any CPU = Release|Any CPU
	EndGlobalSection
	GlobalSection(ProjectConfigurationPlatforms) = postSolution
		{37E5CD9A-BC0E-489B-AAF1-23C665C79B39}.Debug|Any CPU.ActiveCfg = Debug|Any CPU
		{37E5CD9A-BC0E-489B-AAF1-23C665C79B39}.Debug|Any CPU.Build.0 = Debug|Any CPU
		{37E5CD9A-BC0E-489B-AAF1-23C665C79B39}.Release|Any CPU.ActiveCfg = Release|Any CPU
		{37E5CD9A-BC0E-489B-AAF1-23C665C79B39}.Release|Any CPU.Build.0 = Release|Any CPU
	EndGlobalSection
	GlobalSection(SolutionProperties) = preSolution
		HideSolutionNode = FALSE
	EndGlobalSection
	GlobalSection(ExtensibilityGlobals) = postSolution
		SolutionGuid = {18561BC7-7EE8-4BEB-A964-35BD1CF46834}
	EndGlobalSection
EndGlobal
