
Microsoft Visual Studio Solution File, Format Version 12.00
# Visual Studio Version 16
VisualStudioVersion = 16.0.30517.126
MinimumVisualStudioVersion = 10.0.40219.1
Project("{FAE04EC0-301F-11D3-BF4B-00C04F79EFBC}") = "HW1_Exercise_1", "HW1_Exercise_1\HW1_Exercise_1.csproj", "{ABBD906A-A452-4B04-807D-60D97B321D95}"
EndProject
Global
	GlobalSection(SolutionConfigurationPlatforms) = preSolution
		Debug|Any CPU = Debug|Any CPU
		Release|Any CPU = Release|Any CPU
	EndGlobalSection
	GlobalSection(ProjectConfigurationPlatforms) = postSolution
		{ABBD906A-A452-4B04-807D-60D97B321D95}.Debug|Any CPU.ActiveCfg = Debug|Any CPU
		{ABBD906A-A452-4B04-807D-60D97B321D95}.Debug|Any CPU.Build.0 = Debug|Any CPU
		{ABBD906A-A452-4B04-807D-60D97B321D95}.Release|Any CPU.ActiveCfg = Release|Any CPU
		{ABBD906A-A452-4B04-807D-60D97B321D95}.Release|Any CPU.Build.0 = Release|Any CPU
	EndGlobalSection
	GlobalSection(SolutionProperties) = preSolution
		HideSolutionNode = FALSE
	EndGlobalSection
	GlobalSection(ExtensibilityGlobals) = postSolution
		SolutionGuid = {2B250FF4-0383-43A3-B6D1-E72B635A642D}
	EndGlobalSection
EndGlobal
