
Microsoft Visual Studio Solution File, Format Version 12.00
# Visual Studio Version 16
VisualStudioVersion = 16.0.30517.126
MinimumVisualStudioVersion = 10.0.40219.1
Project("{FAE04EC0-301F-11D3-BF4B-00C04F79EFBC}") = "HW2_Exercise_2", "HW2_Exercise_2\HW2_Exercise_2.csproj", "{845D08ED-11B3-4CF6-A299-B75688C93E85}"
EndProject
Global
	GlobalSection(SolutionConfigurationPlatforms) = preSolution
		Debug|Any CPU = Debug|Any CPU
		Release|Any CPU = Release|Any CPU
	EndGlobalSection
	GlobalSection(ProjectConfigurationPlatforms) = postSolution
		{845D08ED-11B3-4CF6-A299-B75688C93E85}.Debug|Any CPU.ActiveCfg = Debug|Any CPU
		{845D08ED-11B3-4CF6-A299-B75688C93E85}.Debug|Any CPU.Build.0 = Debug|Any CPU
		{845D08ED-11B3-4CF6-A299-B75688C93E85}.Release|Any CPU.ActiveCfg = Release|Any CPU
		{845D08ED-11B3-4CF6-A299-B75688C93E85}.Release|Any CPU.Build.0 = Release|Any CPU
	EndGlobalSection
	GlobalSection(SolutionProperties) = preSolution
		HideSolutionNode = FALSE
	EndGlobalSection
	GlobalSection(ExtensibilityGlobals) = postSolution
		SolutionGuid = {E8BA4806-2B27-48C8-AB38-A91E37D10F3C}
	EndGlobalSection
EndGlobal
